
Microsoft Visual Studio Solution File, Format Version 12.00
# Visual Studio Version 17
VisualStudioVersion = 17.4.33213.308
MinimumVisualStudioVersion = 10.0.40219.1
Project("{9A19103F-16F7-4668-BE54-9A1E7A4F7556}") = "DripChip.Main", "DripChip.Main\DripChip.Main.csproj", "{C3B2ADFD-C98A-439D-8EE3-DC63B0988EF7}"
EndProject
Project("{9A19103F-16F7-4668-BE54-9A1E7A4F7556}") = "DripChip.DataContracts", "DripChip.DataContracts\DripChip.DataContracts.csproj", "{E74B6D02-CC77-4097-985F-5829A7BF8380}"
EndProject
Project("{9A19103F-16F7-4668-BE54-9A1E7A4F7556}") = "DripChip.Database", "DripChip.Database\DripChip.Database.csproj", "{9C90A4CE-E76E-4B0B-8509-229D92F72A8F}"
EndProject
Global
	GlobalSection(SolutionConfigurationPlatforms) = preSolution
		Debug|Any CPU = Debug|Any CPU
		Release|Any CPU = Release|Any CPU
	EndGlobalSection
	GlobalSection(ProjectConfigurationPlatforms) = postSolution
		{C3B2ADFD-C98A-439D-8EE3-DC63B0988EF7}.Debug|Any CPU.ActiveCfg = Debug|Any CPU
		{C3B2ADFD-C98A-439D-8EE3-DC63B0988EF7}.Debug|Any CPU.Build.0 = Debug|Any CPU
		{C3B2ADFD-C98A-439D-8EE3-DC63B0988EF7}.Release|Any CPU.ActiveCfg = Release|Any CPU
		{C3B2ADFD-C98A-439D-8EE3-DC63B0988EF7}.Release|Any CPU.Build.0 = Release|Any CPU
		{E74B6D02-CC77-4097-985F-5829A7BF8380}.Debug|Any CPU.ActiveCfg = Debug|Any CPU
		{E74B6D02-CC77-4097-985F-5829A7BF8380}.Debug|Any CPU.Build.0 = Debug|Any CPU
		{E74B6D02-CC77-4097-985F-5829A7BF8380}.Release|Any CPU.ActiveCfg = Release|Any CPU
		{E74B6D02-CC77-4097-985F-5829A7BF8380}.Release|Any CPU.Build.0 = Release|Any CPU
		{9C90A4CE-E76E-4B0B-8509-229D92F72A8F}.Debug|Any CPU.ActiveCfg = Debug|Any CPU
		{9C90A4CE-E76E-4B0B-8509-229D92F72A8F}.Debug|Any CPU.Build.0 = Debug|Any CPU
		{9C90A4CE-E76E-4B0B-8509-229D92F72A8F}.Release|Any CPU.ActiveCfg = Release|Any CPU
		{9C90A4CE-E76E-4B0B-8509-229D92F72A8F}.Release|Any CPU.Build.0 = Release|Any CPU
	EndGlobalSection
	GlobalSection(SolutionProperties) = preSolution
		HideSolutionNode = FALSE
	EndGlobalSection
	GlobalSection(ExtensibilityGlobals) = postSolution
		SolutionGuid = {220ABB24-E9CE-460B-92B0-BD6D530BF89C}
	EndGlobalSection
EndGlobal
